
Microsoft Visual Studio Solution File, Format Version 12.00
# Visual Studio Version 17
VisualStudioVersion = 17.2.32516.85
MinimumVisualStudioVersion = 10.0.40219.1
Project("{FAE04EC0-301F-11D3-BF4B-00C04F79EFBC}") = "AzureADTraining.MVC", "AzureADTraining.MVC\AzureADTraining.MVC.csproj", "{45BF3EFA-FC5D-4AC4-ADCC-CE1E28399A5A}"
EndProject
Project("{FAE04EC0-301F-11D3-BF4B-00C04F79EFBC}") = "AzureADTraining.API", "AzureADTraining.API\AzureADTraining.API.csproj", "{41118FDB-0BCE-4367-B1B3-775B81F7CEA2}"
EndProject
Global
	GlobalSection(SolutionConfigurationPlatforms) = preSolution
		Debug|Any CPU = Debug|Any CPU
		Release|Any CPU = Release|Any CPU
	EndGlobalSection
	GlobalSection(ProjectConfigurationPlatforms) = postSolution
		{45BF3EFA-FC5D-4AC4-ADCC-CE1E28399A5A}.Debug|Any CPU.ActiveCfg = Debug|Any CPU
		{45BF3EFA-FC5D-4AC4-ADCC-CE1E28399A5A}.Debug|Any CPU.Build.0 = Debug|Any CPU
		{45BF3EFA-FC5D-4AC4-ADCC-CE1E28399A5A}.Release|Any CPU.ActiveCfg = Release|Any CPU
		{45BF3EFA-FC5D-4AC4-ADCC-CE1E28399A5A}.Release|Any CPU.Build.0 = Release|Any CPU
		{41118FDB-0BCE-4367-B1B3-775B81F7CEA2}.Debug|Any CPU.ActiveCfg = Debug|Any CPU
		{41118FDB-0BCE-4367-B1B3-775B81F7CEA2}.Debug|Any CPU.Build.0 = Debug|Any CPU
		{41118FDB-0BCE-4367-B1B3-775B81F7CEA2}.Release|Any CPU.ActiveCfg = Release|Any CPU
		{41118FDB-0BCE-4367-B1B3-775B81F7CEA2}.Release|Any CPU.Build.0 = Release|Any CPU
	EndGlobalSection
	GlobalSection(SolutionProperties) = preSolution
		HideSolutionNode = FALSE
	EndGlobalSection
	GlobalSection(ExtensibilityGlobals) = postSolution
		SolutionGuid = {1BD2B945-E29A-4F62-8947-25352FA6E339}
	EndGlobalSection
EndGlobal
